<Solution>
  <Folder Name="/Samples/">
    <Project Path="Samples/Bodde.Query.Sample.ConsoleApp/Bodde.Query.Sample.ConsoleApp.csproj" />    
    <Project Path="Samples/Bodde.Query.Samples.Data/Bodde.Query.Samples.Data.csproj" />
  </Folder>
  <Project Path="Bodde.Query.Abstractions/Bodde.Query.Abstractions.csproj" />
  <Project Path="Bodde.Query.Core/Bodde.Query.Core.csproj" />
  <Project Path="Bodde.Query.EntityFrameworkCore/Bodde.Query.EntityFrameworkCore.csproj" />
  <Project Path="Bodde.Query.Test/Bodde.Query.Test.csproj" />
</Solution>
